
Microsoft Visual Studio Solution File, Format Version 12.00
# Visual Studio Version 17
VisualStudioVersion = 17.6.33815.320
MinimumVisualStudioVersion = 10.0.40219.1
Project("{FAE04EC0-301F-11D3-BF4B-00C04F79EFBC}") = "Zadanie 3", "Zadanie 3.csproj", "{D08C4597-5F4A-4C56-91F1-2072361B479F}"
EndProject
Global
	GlobalSection(SolutionConfigurationPlatforms) = preSolution
		Debug|Any CPU = Debug|Any CPU
		Release|Any CPU = Release|Any CPU
	EndGlobalSection
	GlobalSection(ProjectConfigurationPlatforms) = postSolution
		{D08C4597-5F4A-4C56-91F1-2072361B479F}.Debug|Any CPU.ActiveCfg = Debug|Any CPU
		{D08C4597-5F4A-4C56-91F1-2072361B479F}.Debug|Any CPU.Build.0 = Debug|Any CPU
		{D08C4597-5F4A-4C56-91F1-2072361B479F}.Release|Any CPU.ActiveCfg = Release|Any CPU
		{D08C4597-5F4A-4C56-91F1-2072361B479F}.Release|Any CPU.Build.0 = Release|Any CPU
	EndGlobalSection
	GlobalSection(SolutionProperties) = preSolution
		HideSolutionNode = FALSE
	EndGlobalSection
	GlobalSection(ExtensibilityGlobals) = postSolution
		SolutionGuid = {737A179D-14A3-41BD-B3DD-3308581FA91E}
	EndGlobalSection
EndGlobal
